{
  "name": "application",
  "version": "1.0.0",
  "lockfileVersion": 3,
  "requires": true,
  "packages": {
    "": {
      "name": "application",
      "version": "1.0.0",
      "license": "ISC",
      "dependencies": {
        "domain": "file:../domain",
        "shared": "file:../../shared"
      }
    },
    "../../shared": {
      "version": "1.0.0",
      "license": "ISC"
    },
    "../domain": {
      "version": "1.0.0",
      "license": "ISC"
    },
    "node_modules/domain": {
      "resolved": "../domain",
      "link": true
    },
    "node_modules/shared": {
      "resolved": "../../shared",
      "link": true
    }
  }
}
